
Microsoft Visual Studio Solution File, Format Version 12.00
# Visual Studio 15
VisualStudioVersion = 15.0.26124.0
MinimumVisualStudioVersion = 15.0.26124.0
Project("{2150E333-8FDC-42A3-9474-1A3956D46DE8}") = "Word2Rtf", "Word2Rtf", "{665C0D53-8E62-4A69-B667-F21B94B8AF9C}"
EndProject
Project("{2150E333-8FDC-42A3-9474-1A3956D46DE8}") = "src", "src", "{86B8D46C-6A18-41B8-B378-CD31F38989EE}"
EndProject
Project("{FAE04EC0-301F-11D3-BF4B-00C04F79EFBC}") = "Word2Rtf", "Word2Rtf\src\Word2Rtf\Word2Rtf.csproj", "{161938E5-0BE4-42BE-90CC-726E60D3FA1A}"
EndProject
Project("{2150E333-8FDC-42A3-9474-1A3956D46DE8}") = "test", "test", "{7D1CBCAD-1DA1-4167-8B5D-F15D25EECF04}"
EndProject
Project("{FAE04EC0-301F-11D3-BF4B-00C04F79EFBC}") = "Word2Rtf.Tests", "Word2Rtf\test\Word2Rtf.Tests\Word2Rtf.Tests.csproj", "{065A816C-C041-4294-9837-614632AB9C21}"
EndProject
Global
	GlobalSection(SolutionConfigurationPlatforms) = preSolution
		Debug|Any CPU = Debug|Any CPU
		Debug|x64 = Debug|x64
		Debug|x86 = Debug|x86
		Release|Any CPU = Release|Any CPU
		Release|x64 = Release|x64
		Release|x86 = Release|x86
	EndGlobalSection
	GlobalSection(SolutionProperties) = preSolution
		HideSolutionNode = FALSE
	EndGlobalSection
	GlobalSection(ProjectConfigurationPlatforms) = postSolution
		{161938E5-0BE4-42BE-90CC-726E60D3FA1A}.Debug|Any CPU.ActiveCfg = Debug|Any CPU
		{161938E5-0BE4-42BE-90CC-726E60D3FA1A}.Debug|Any CPU.Build.0 = Debug|Any CPU
		{161938E5-0BE4-42BE-90CC-726E60D3FA1A}.Debug|x64.ActiveCfg = Debug|Any CPU
		{161938E5-0BE4-42BE-90CC-726E60D3FA1A}.Debug|x64.Build.0 = Debug|Any CPU
		{161938E5-0BE4-42BE-90CC-726E60D3FA1A}.Debug|x86.ActiveCfg = Debug|Any CPU
		{161938E5-0BE4-42BE-90CC-726E60D3FA1A}.Debug|x86.Build.0 = Debug|Any CPU
		{161938E5-0BE4-42BE-90CC-726E60D3FA1A}.Release|Any CPU.ActiveCfg = Release|Any CPU
		{161938E5-0BE4-42BE-90CC-726E60D3FA1A}.Release|Any CPU.Build.0 = Release|Any CPU
		{161938E5-0BE4-42BE-90CC-726E60D3FA1A}.Release|x64.ActiveCfg = Release|Any CPU
		{161938E5-0BE4-42BE-90CC-726E60D3FA1A}.Release|x64.Build.0 = Release|Any CPU
		{161938E5-0BE4-42BE-90CC-726E60D3FA1A}.Release|x86.ActiveCfg = Release|Any CPU
		{161938E5-0BE4-42BE-90CC-726E60D3FA1A}.Release|x86.Build.0 = Release|Any CPU
		{065A816C-C041-4294-9837-614632AB9C21}.Debug|Any CPU.ActiveCfg = Debug|Any CPU
		{065A816C-C041-4294-9837-614632AB9C21}.Debug|Any CPU.Build.0 = Debug|Any CPU
		{065A816C-C041-4294-9837-614632AB9C21}.Debug|x64.ActiveCfg = Debug|Any CPU
		{065A816C-C041-4294-9837-614632AB9C21}.Debug|x64.Build.0 = Debug|Any CPU
		{065A816C-C041-4294-9837-614632AB9C21}.Debug|x86.ActiveCfg = Debug|Any CPU
		{065A816C-C041-4294-9837-614632AB9C21}.Debug|x86.Build.0 = Debug|Any CPU
		{065A816C-C041-4294-9837-614632AB9C21}.Release|Any CPU.ActiveCfg = Release|Any CPU
		{065A816C-C041-4294-9837-614632AB9C21}.Release|Any CPU.Build.0 = Release|Any CPU
		{065A816C-C041-4294-9837-614632AB9C21}.Release|x64.ActiveCfg = Release|Any CPU
		{065A816C-C041-4294-9837-614632AB9C21}.Release|x64.Build.0 = Release|Any CPU
		{065A816C-C041-4294-9837-614632AB9C21}.Release|x86.ActiveCfg = Release|Any CPU
		{065A816C-C041-4294-9837-614632AB9C21}.Release|x86.Build.0 = Release|Any CPU
	EndGlobalSection
	GlobalSection(NestedProjects) = preSolution
		{86B8D46C-6A18-41B8-B378-CD31F38989EE} = {665C0D53-8E62-4A69-B667-F21B94B8AF9C}
		{161938E5-0BE4-42BE-90CC-726E60D3FA1A} = {86B8D46C-6A18-41B8-B378-CD31F38989EE}
		{7D1CBCAD-1DA1-4167-8B5D-F15D25EECF04} = {665C0D53-8E62-4A69-B667-F21B94B8AF9C}
		{065A816C-C041-4294-9837-614632AB9C21} = {7D1CBCAD-1DA1-4167-8B5D-F15D25EECF04}
	EndGlobalSection
EndGlobal
